// !$*UTF8*$!
{
	archiveVersion = 1;
	classes = {
	};
	objectVersion = 46;
	objects = {

/* Begin PBXBuildFile section */
		1F02DE7E523CC825682D3B5A /* Pods_PlaceFetcher.framework in Frameworks */ = {isa = PBXBuildFile; fileRef = BC0F194D8C5A067DE67E2DE1 /* Pods_PlaceFetcher.framework */; };
		7F1BE3531F3BB6E6001379E4 /* GMSMapViewDelegate+Rx.swift in Sources */ = {isa = PBXBuildFile; fileRef = 7F1BE3521F3BB6E6001379E4 /* GMSMapViewDelegate+Rx.swift */; };
		7F3C56191F39FAEB0018BF2B /* AppDelegate.swift in Sources */ = {isa = PBXBuildFile; fileRef = 7F3C56181F39FAEB0018BF2B /* AppDelegate.swift */; };
		7F3C561B1F39FAEB0018BF2B /* ViewController.swift in Sources */ = {isa = PBXBuildFile; fileRef = 7F3C561A1F39FAEB0018BF2B /* ViewController.swift */; };
		7F3C561E1F39FAEB0018BF2B /* Main.storyboard in Resources */ = {isa = PBXBuildFile; fileRef = 7F3C561C1F39FAEB0018BF2B /* Main.storyboard */; };
		7F3C56201F39FAEB0018BF2B /* Assets.xcassets in Resources */ = {isa = PBXBuildFile; fileRef = 7F3C561F1F39FAEB0018BF2B /* Assets.xcassets */; };
		7F3C56231F39FAEB0018BF2B /* LaunchScreen.storyboard in Resources */ = {isa = PBXBuildFile; fileRef = 7F3C56211F39FAEB0018BF2B /* LaunchScreen.storyboard */; };
		7F3C562E1F39FAEC0018BF2B /* PlaceFetcherTests.swift in Sources */ = {isa = PBXBuildFile; fileRef = 7F3C562D1F39FAEC0018BF2B /* PlaceFetcherTests.swift */; };
		7F3C56391F39FAEC0018BF2B /* PlaceFetcherUITests.swift in Sources */ = {isa = PBXBuildFile; fileRef = 7F3C56381F39FAEC0018BF2B /* PlaceFetcherUITests.swift */; };
		7F3C56481F39FE060018BF2B /* NetworkManager.swift in Sources */ = {isa = PBXBuildFile; fileRef = 7F3C56471F39FE060018BF2B /* NetworkManager.swift */; };
		7F3C564A1F39FF300018BF2B /* ApiKeys.swift in Sources */ = {isa = PBXBuildFile; fileRef = 7F3C56491F39FF300018BF2B /* ApiKeys.swift */; };
		7F3C564C1F3A001A0018BF2B /* GooglePlaceAPIManager.swift in Sources */ = {isa = PBXBuildFile; fileRef = 7F3C564B1F3A001A0018BF2B /* GooglePlaceAPIManager.swift */; };
		7F3C564F1F3A00FD0018BF2B /* GooglePlaceResult.swift in Sources */ = {isa = PBXBuildFile; fileRef = 7F3C564E1F3A00FD0018BF2B /* GooglePlaceResult.swift */; };
		7F3C56511F3A02140018BF2B /* GooglePlaceItem.swift in Sources */ = {isa = PBXBuildFile; fileRef = 7F3C56501F3A02140018BF2B /* GooglePlaceItem.swift */; };
		7F3C56531F3A03840018BF2B /* BaseApiManager.swift in Sources */ = {isa = PBXBuildFile; fileRef = 7F3C56521F3A03840018BF2B /* BaseApiManager.swift */; };
		7F3C56551F3A03FC0018BF2B /* BaseModels.swift in Sources */ = {isa = PBXBuildFile; fileRef = 7F3C56541F3A03FC0018BF2B /* BaseModels.swift */; };
/* End PBXBuildFile section */

/* Begin PBXContainerItemProxy section */
		7F3C562A1F39FAEC0018BF2B /* PBXContainerItemProxy */ = {
			isa = PBXContainerItemProxy;
			containerPortal = 7F3C560D1F39FAEB0018BF2B /* Project object */;
			proxyType = 1;
			remoteGlobalIDString = 7F3C56141F39FAEB0018BF2B;
			remoteInfo = PlaceFetcher;
		};
		7F3C56351F39FAEC0018BF2B /* PBXContainerItemProxy */ = {
			isa = PBXContainerItemProxy;
			containerPortal = 7F3C560D1F39FAEB0018BF2B /* Project object */;
			proxyType = 1;
			remoteGlobalIDString = 7F3C56141F39FAEB0018BF2B;
			remoteInfo = PlaceFetcher;
		};
/* End PBXContainerItemProxy section */

/* Begin PBXFileReference section */
		6424232D9F53A50683A2A2A8 /* Pods-PlaceFetcher.release.xcconfig */ = {isa = PBXFileReference; includeInIndex = 1; lastKnownFileType = text.xcconfig; name = "Pods-PlaceFetcher.release.xcconfig"; path = "Pods/Target Support Files/Pods-PlaceFetcher/Pods-PlaceFetcher.release.xcconfig"; sourceTree = "<group>"; };
		7F1BE3521F3BB6E6001379E4 /* GMSMapViewDelegate+Rx.swift */ = {isa = PBXFileReference; fileEncoding = 4; lastKnownFileType = sourcecode.swift; name = "GMSMapViewDelegate+Rx.swift"; path = "Extension/GMSMapViewDelegate+Rx.swift"; sourceTree = "<group>"; };
		7F3C56151F39FAEB0018BF2B /* PlaceFetcher.app */ = {isa = PBXFileReference; explicitFileType = wrapper.application; includeInIndex = 0; path = PlaceFetcher.app; sourceTree = BUILT_PRODUCTS_DIR; };
		7F3C56181F39FAEB0018BF2B /* AppDelegate.swift */ = {isa = PBXFileReference; lastKnownFileType = sourcecode.swift; path = AppDelegate.swift; sourceTree = "<group>"; };
		7F3C561A1F39FAEB0018BF2B /* ViewController.swift */ = {isa = PBXFileReference; lastKnownFileType = sourcecode.swift; path = ViewController.swift; sourceTree = "<group>"; };
		7F3C561D1F39FAEB0018BF2B /* Base */ = {isa = PBXFileReference; lastKnownFileType = file.storyboard; name = Base; path = Base.lproj/Main.storyboard; sourceTree = "<group>"; };
		7F3C561F1F39FAEB0018BF2B /* Assets.xcassets */ = {isa = PBXFileReference; lastKnownFileType = folder.assetcatalog; path = Assets.xcassets; sourceTree = "<group>"; };
		7F3C56221F39FAEB0018BF2B /* Base */ = {isa = PBXFileReference; lastKnownFileType = file.storyboard; name = Base; path = Base.lproj/LaunchScreen.storyboard; sourceTree = "<group>"; };
		7F3C56241F39FAEB0018BF2B /* Info.plist */ = {isa = PBXFileReference; lastKnownFileType = text.plist.xml; path = Info.plist; sourceTree = "<group>"; };
		7F3C56291F39FAEC0018BF2B /* PlaceFetcherTests.xctest */ = {isa = PBXFileReference; explicitFileType = wrapper.cfbundle; includeInIndex = 0; path = PlaceFetcherTests.xctest; sourceTree = BUILT_PRODUCTS_DIR; };
		7F3C562D1F39FAEC0018BF2B /* PlaceFetcherTests.swift */ = {isa = PBXFileReference; lastKnownFileType = sourcecode.swift; path = PlaceFetcherTests.swift; sourceTree = "<group>"; };
		7F3C562F1F39FAEC0018BF2B /* Info.plist */ = {isa = PBXFileReference; lastKnownFileType = text.plist.xml; path = Info.plist; sourceTree = "<group>"; };
		7F3C56341F39FAEC0018BF2B /* PlaceFetcherUITests.xctest */ = {isa = PBXFileReference; explicitFileType = wrapper.cfbundle; includeInIndex = 0; path = PlaceFetcherUITests.xctest; sourceTree = BUILT_PRODUCTS_DIR; };
		7F3C56381F39FAEC0018BF2B /* PlaceFetcherUITests.swift */ = {isa = PBXFileReference; lastKnownFileType = sourcecode.swift; path = PlaceFetcherUITests.swift; sourceTree = "<group>"; };
		7F3C563A1F39FAEC0018BF2B /* Info.plist */ = {isa = PBXFileReference; lastKnownFileType = text.plist.xml; path = Info.plist; sourceTree = "<group>"; };
		7F3C56471F39FE060018BF2B /* NetworkManager.swift */ = {isa = PBXFileReference; fileEncoding = 4; lastKnownFileType = sourcecode.swift; name = NetworkManager.swift; path = "API Managers/NetworkManager.swift"; sourceTree = "<group>"; };
		7F3C56491F39FF300018BF2B /* ApiKeys.swift */ = {isa = PBXFileReference; fileEncoding = 4; lastKnownFileType = sourcecode.swift; path = ApiKeys.swift; sourceTree = "<group>"; };
		7F3C564B1F3A001A0018BF2B /* GooglePlaceAPIManager.swift */ = {isa = PBXFileReference; fileEncoding = 4; lastKnownFileType = sourcecode.swift; name = GooglePlaceAPIManager.swift; path = "API Managers/GooglePlaceAPIManager.swift"; sourceTree = "<group>"; };
		7F3C564E1F3A00FD0018BF2B /* GooglePlaceResult.swift */ = {isa = PBXFileReference; fileEncoding = 4; lastKnownFileType = sourcecode.swift; name = GooglePlaceResult.swift; path = Models/GooglePlaceResult.swift; sourceTree = "<group>"; };
		7F3C56501F3A02140018BF2B /* GooglePlaceItem.swift */ = {isa = PBXFileReference; fileEncoding = 4; lastKnownFileType = sourcecode.swift; name = GooglePlaceItem.swift; path = Models/GooglePlaceItem.swift; sourceTree = "<group>"; };
		7F3C56521F3A03840018BF2B /* BaseApiManager.swift */ = {isa = PBXFileReference; fileEncoding = 4; lastKnownFileType = sourcecode.swift; name = BaseApiManager.swift; path = "API Managers/BaseApiManager.swift"; sourceTree = "<group>"; };
		7F3C56541F3A03FC0018BF2B /* BaseModels.swift */ = {isa = PBXFileReference; fileEncoding = 4; lastKnownFileType = sourcecode.swift; name = BaseModels.swift; path = Models/BaseModels.swift; sourceTree = "<group>"; };
		92F2FC36AB923F5F41496651 /* Pods-PlaceFetcher.debug.xcconfig */ = {isa = PBXFileReference; includeInIndex = 1; lastKnownFileType = text.xcconfig; name = "Pods-PlaceFetcher.debug.xcconfig"; path = "Pods/Target Support Files/Pods-PlaceFetcher/Pods-PlaceFetcher.debug.xcconfig"; sourceTree = "<group>"; };
		BC0F194D8C5A067DE67E2DE1 /* Pods_PlaceFetcher.framework */ = {isa = PBXFileReference; explicitFileType = wrapper.framework; includeInIndex = 0; path = Pods_PlaceFetcher.framework; sourceTree = BUILT_PRODUCTS_DIR; };
/* End PBXFileReference section */

/* Begin PBXFrameworksBuildPhase section */
		7F3C56121F39FAEB0018BF2B /* Frameworks */ = {
			isa = PBXFrameworksBuildPhase;
			buildActionMask = 2147483647;
			files = (
				1F02DE7E523CC825682D3B5A /* Pods_PlaceFetcher.framework in Frameworks */,
			);
			runOnlyForDeploymentPostprocessing = 0;
		};
		7F3C56261F39FAEC0018BF2B /* Frameworks */ = {
			isa = PBXFrameworksBuildPhase;
			buildActionMask = 2147483647;
			files = (
			);
			runOnlyForDeploymentPostprocessing = 0;
		};
		7F3C56311F39FAEC0018BF2B /* Frameworks */ = {
			isa = PBXFrameworksBuildPhase;
			buildActionMask = 2147483647;
			files = (
			);
			runOnlyForDeploymentPostprocessing = 0;
		};
/* End PBXFrameworksBuildPhase section */

/* Begin PBXGroup section */
		7F1BE3511F3BB69E001379E4 /* Extensions */ = {
			isa = PBXGroup;
			children = (
				7F1BE3521F3BB6E6001379E4 /* GMSMapViewDelegate+Rx.swift */,
			);
			name = Extensions;
			sourceTree = "<group>";
		};
		7F3C560C1F39FAEB0018BF2B = {
			isa = PBXGroup;
			children = (
				7F3C56171F39FAEB0018BF2B /* PlaceFetcher */,
				7F3C562C1F39FAEC0018BF2B /* PlaceFetcherTests */,
				7F3C56371F39FAEC0018BF2B /* PlaceFetcherUITests */,
				7F3C56161F39FAEB0018BF2B /* Products */,
				99C87F43CFA73CB9AD26CD93 /* Pods */,
				8023C952B76EEB0A690ED19B /* Frameworks */,
			);
			sourceTree = "<group>";
		};
		7F3C56161F39FAEB0018BF2B /* Products */ = {
			isa = PBXGroup;
			children = (
				7F3C56151F39FAEB0018BF2B /* PlaceFetcher.app */,
				7F3C56291F39FAEC0018BF2B /* PlaceFetcherTests.xctest */,
				7F3C56341F39FAEC0018BF2B /* PlaceFetcherUITests.xctest */,
			);
			name = Products;
			sourceTree = "<group>";
		};
		7F3C56171F39FAEB0018BF2B /* PlaceFetcher */ = {
			isa = PBXGroup;
			children = (
				7F1BE3511F3BB69E001379E4 /* Extensions */,
				7F3C564D1F3A008E0018BF2B /* Models */,
				7F3C56461F39FDE40018BF2B /* API Managers */,
				7F3C56181F39FAEB0018BF2B /* AppDelegate.swift */,
				7F3C561A1F39FAEB0018BF2B /* ViewController.swift */,
				7F3C561C1F39FAEB0018BF2B /* Main.storyboard */,
				7F3C561F1F39FAEB0018BF2B /* Assets.xcassets */,
				7F3C56211F39FAEB0018BF2B /* LaunchScreen.storyboard */,
				7F3C56241F39FAEB0018BF2B /* Info.plist */,
				7F3C56491F39FF300018BF2B /* ApiKeys.swift */,
			);
			path = PlaceFetcher;
			sourceTree = "<group>";
		};
		7F3C562C1F39FAEC0018BF2B /* PlaceFetcherTests */ = {
			isa = PBXGroup;
			children = (
				7F3C562D1F39FAEC0018BF2B /* PlaceFetcherTests.swift */,
				7F3C562F1F39FAEC0018BF2B /* Info.plist */,
			);
			path = PlaceFetcherTests;
			sourceTree = "<group>";
		};
		7F3C56371F39FAEC0018BF2B /* PlaceFetcherUITests */ = {
			isa = PBXGroup;
			children = (
				7F3C56381F39FAEC0018BF2B /* PlaceFetcherUITests.swift */,
				7F3C563A1F39FAEC0018BF2B /* Info.plist */,
			);
			path = PlaceFetcherUITests;
			sourceTree = "<group>";
		};
		7F3C56461F39FDE40018BF2B /* API Managers */ = {
			isa = PBXGroup;
			children = (
				7F3C56471F39FE060018BF2B /* NetworkManager.swift */,
				7F3C564B1F3A001A0018BF2B /* GooglePlaceAPIManager.swift */,
				7F3C56521F3A03840018BF2B /* BaseApiManager.swift */,
			);
			name = "API Managers";
			sourceTree = "<group>";
		};
		7F3C564D1F3A008E0018BF2B /* Models */ = {
			isa = PBXGroup;
			children = (
				7F3C56541F3A03FC0018BF2B /* BaseModels.swift */,
				7F3C564E1F3A00FD0018BF2B /* GooglePlaceResult.swift */,
				7F3C56501F3A02140018BF2B /* GooglePlaceItem.swift */,
			);
			name = Models;
			sourceTree = "<group>";
		};
		8023C952B76EEB0A690ED19B /* Frameworks */ = {
			isa = PBXGroup;
			children = (
				BC0F194D8C5A067DE67E2DE1 /* Pods_PlaceFetcher.framework */,
			);
			name = Frameworks;
			sourceTree = "<group>";
		};
		99C87F43CFA73CB9AD26CD93 /* Pods */ = {
			isa = PBXGroup;
			children = (
				92F2FC36AB923F5F41496651 /* Pods-PlaceFetcher.debug.xcconfig */,
				6424232D9F53A50683A2A2A8 /* Pods-PlaceFetcher.release.xcconfig */,
			);
			name = Pods;
			sourceTree = "<group>";
		};
/* End PBXGroup section */

/* Begin PBXNativeTarget section */
		7F3C56141F39FAEB0018BF2B /* PlaceFetcher */ = {
			isa = PBXNativeTarget;
			buildConfigurationList = 7F3C563D1F39FAEC0018BF2B /* Build configuration list for PBXNativeTarget "PlaceFetcher" */;
			buildPhases = (
				BE15BF91668C23C1603FCFA4 /* [CP] Check Pods Manifest.lock */,
				7F3C56111F39FAEB0018BF2B /* Sources */,
				7F3C56121F39FAEB0018BF2B /* Frameworks */,
				7F3C56131F39FAEB0018BF2B /* Resources */,
				C779C3FD77B4F05EC97051A8 /* [CP] Embed Pods Frameworks */,
				D55D6B049251B57245CBC8EB /* [CP] Copy Pods Resources */,
				7F3C56561F3B58AE0018BF2B /* ShellScript */,
			);
			buildRules = (
			);
			dependencies = (
			);
			name = PlaceFetcher;
			productName = PlaceFetcher;
			productReference = 7F3C56151F39FAEB0018BF2B /* PlaceFetcher.app */;
			productType = "com.apple.product-type.application";
		};
		7F3C56281F39FAEC0018BF2B /* PlaceFetcherTests */ = {
			isa = PBXNativeTarget;
			buildConfigurationList = 7F3C56401F39FAEC0018BF2B /* Build configuration list for PBXNativeTarget "PlaceFetcherTests" */;
			buildPhases = (
				7F3C56251F39FAEC0018BF2B /* Sources */,
				7F3C56261F39FAEC0018BF2B /* Frameworks */,
				7F3C56271F39FAEC0018BF2B /* Resources */,
			);
			buildRules = (
			);
			dependencies = (
				7F3C562B1F39FAEC0018BF2B /* PBXTargetDependency */,
			);
			name = PlaceFetcherTests;
			productName = PlaceFetcherTests;
			productReference = 7F3C56291F39FAEC0018BF2B /* PlaceFetcherTests.xctest */;
			productType = "com.apple.product-type.bundle.unit-test";
		};
		7F3C56331F39FAEC0018BF2B /* PlaceFetcherUITests */ = {
			isa = PBXNativeTarget;
			buildConfigurationList = 7F3C56431F39FAEC0018BF2B /* Build configuration list for PBXNativeTarget "PlaceFetcherUITests" */;
			buildPhases = (
				7F3C56301F39FAEC0018BF2B /* Sources */,
				7F3C56311F39FAEC0018BF2B /* Frameworks */,
				7F3C56321F39FAEC0018BF2B /* Resources */,
			);
			buildRules = (
			);
			dependencies = (
				7F3C56361F39FAEC0018BF2B /* PBXTargetDependency */,
			);
			name = PlaceFetcherUITests;
			productName = PlaceFetcherUITests;
			productReference = 7F3C56341F39FAEC0018BF2B /* PlaceFetcherUITests.xctest */;
			productType = "com.apple.product-type.bundle.ui-testing";
		};
/* End PBXNativeTarget section */

/* Begin PBXProject section */
		7F3C560D1F39FAEB0018BF2B /* Project object */ = {
			isa = PBXProject;
			attributes = {
				LastSwiftUpdateCheck = 0830;
				LastUpgradeCheck = 0830;
				ORGANIZATIONNAME = "Dmytro Bohachevskyy";
				TargetAttributes = {
					7F3C56141F39FAEB0018BF2B = {
						CreatedOnToolsVersion = 8.3.3;
						ProvisioningStyle = Automatic;
					};
					7F3C56281F39FAEC0018BF2B = {
						CreatedOnToolsVersion = 8.3.3;
						ProvisioningStyle = Automatic;
						TestTargetID = 7F3C56141F39FAEB0018BF2B;
					};
					7F3C56331F39FAEC0018BF2B = {
						CreatedOnToolsVersion = 8.3.3;
						ProvisioningStyle = Automatic;
						TestTargetID = 7F3C56141F39FAEB0018BF2B;
					};
				};
			};
			buildConfigurationList = 7F3C56101F39FAEB0018BF2B /* Build configuration list for PBXProject "PlaceFetcher" */;
			compatibilityVersion = "Xcode 3.2";
			developmentRegion = English;
			hasScannedForEncodings = 0;
			knownRegions = (
				en,
				Base,
			);
			mainGroup = 7F3C560C1F39FAEB0018BF2B;
			productRefGroup = 7F3C56161F39FAEB0018BF2B /* Products */;
			projectDirPath = "";
			projectRoot = "";
			targets = (
				7F3C56141F39FAEB0018BF2B /* PlaceFetcher */,
				7F3C56281F39FAEC0018BF2B /* PlaceFetcherTests */,
				7F3C56331F39FAEC0018BF2B /* PlaceFetcherUITests */,
			);
		};
/* End PBXProject section */

/* Begin PBXResourcesBuildPhase section */
		7F3C56131F39FAEB0018BF2B /* Resources */ = {
			isa = PBXResourcesBuildPhase;
			buildActionMask = 2147483647;
			files = (
				7F3C56231F39FAEB0018BF2B /* LaunchScreen.storyboard in Resources */,
				7F3C56201F39FAEB0018BF2B /* Assets.xcassets in Resources */,
				7F3C561E1F39FAEB0018BF2B /* Main.storyboard in Resources */,
			);
			runOnlyForDeploymentPostprocessing = 0;
		};
		7F3C56271F39FAEC0018BF2B /* Resources */ = {
			isa = PBXResourcesBuildPhase;
			buildActionMask = 2147483647;
			files = (
			);
			runOnlyForDeploymentPostprocessing = 0;
		};
		7F3C56321F39FAEC0018BF2B /* Resources */ = {
			isa = PBXResourcesBuildPhase;
			buildActionMask = 2147483647;
			files = (
			);
			runOnlyForDeploymentPostprocessing = 0;
		};
/* End PBXResourcesBuildPhase section */

/* Begin PBXShellScriptBuildPhase section */
		7F3C56561F3B58AE0018BF2B /* ShellScript */ = {
			isa = PBXShellScriptBuildPhase;
			buildActionMask = 2147483647;
			files = (
			);
			inputPaths = (
			);
			outputPaths = (
			);
			runOnlyForDeploymentPostprocessing = 0;
			shellPath = /bin/sh;
			shellScript = "if which swiftlint >/dev/null; then\nswiftlint\nelse\necho \"warning: SwiftLint not installed, download from https://github.com/realm/SwiftLint\"\nfi";
		};
		BE15BF91668C23C1603FCFA4 /* [CP] Check Pods Manifest.lock */ = {
			isa = PBXShellScriptBuildPhase;
			buildActionMask = 2147483647;
			files = (
			);
			inputPaths = (
			);
			name = "[CP] Check Pods Manifest.lock";
			outputPaths = (
			);
			runOnlyForDeploymentPostprocessing = 0;
			shellPath = /bin/sh;
			shellScript = "diff \"${PODS_ROOT}/../Podfile.lock\" \"${PODS_ROOT}/Manifest.lock\" > /dev/null\nif [ $? != 0 ] ; then\n    # print error to STDERR\n    echo \"error: The sandbox is not in sync with the Podfile.lock. Run 'pod install' or update your CocoaPods installation.\" >&2\n    exit 1\nfi\n";
			showEnvVarsInLog = 0;
		};
		C779C3FD77B4F05EC97051A8 /* [CP] Embed Pods Frameworks */ = {
			isa = PBXShellScriptBuildPhase;
			buildActionMask = 2147483647;
			files = (
			);
			inputPaths = (
			);
			name = "[CP] Embed Pods Frameworks";
			outputPaths = (
			);
			runOnlyForDeploymentPostprocessing = 0;
			shellPath = /bin/sh;
			shellScript = "\"${SRCROOT}/Pods/Target Support Files/Pods-PlaceFetcher/Pods-PlaceFetcher-frameworks.sh\"\n";
			showEnvVarsInLog = 0;
		};
		D55D6B049251B57245CBC8EB /* [CP] Copy Pods Resources */ = {
			isa = PBXShellScriptBuildPhase;
			buildActionMask = 2147483647;
			files = (
			);
			inputPaths = (
			);
			name = "[CP] Copy Pods Resources";
			outputPaths = (
			);
			runOnlyForDeploymentPostprocessing = 0;
			shellPath = /bin/sh;
			shellScript = "\"${SRCROOT}/Pods/Target Support Files/Pods-PlaceFetcher/Pods-PlaceFetcher-resources.sh\"\n";
			showEnvVarsInLog = 0;
		};
/* End PBXShellScriptBuildPhase section */

/* Begin PBXSourcesBuildPhase section */
		7F3C56111F39FAEB0018BF2B /* Sources */ = {
			isa = PBXSourcesBuildPhase;
			buildActionMask = 2147483647;
			files = (
				7F3C56481F39FE060018BF2B /* NetworkManager.swift in Sources */,
				7F3C561B1F39FAEB0018BF2B /* ViewController.swift in Sources */,
				7F3C564C1F3A001A0018BF2B /* GooglePlaceAPIManager.swift in Sources */,
				7F3C564F1F3A00FD0018BF2B /* GooglePlaceResult.swift in Sources */,
				7F1BE3531F3BB6E6001379E4 /* GMSMapViewDelegate+Rx.swift in Sources */,
				7F3C56551F3A03FC0018BF2B /* BaseModels.swift in Sources */,
				7F3C564A1F39FF300018BF2B /* ApiKeys.swift in Sources */,
				7F3C56511F3A02140018BF2B /* GooglePlaceItem.swift in Sources */,
				7F3C56191F39FAEB0018BF2B /* AppDelegate.swift in Sources */,
				7F3C56531F3A03840018BF2B /* BaseApiManager.swift in Sources */,
			);
			runOnlyForDeploymentPostprocessing = 0;
		};
		7F3C56251F39FAEC0018BF2B /* Sources */ = {
			isa = PBXSourcesBuildPhase;
			buildActionMask = 2147483647;
			files = (
				7F3C562E1F39FAEC0018BF2B /* PlaceFetcherTests.swift in Sources */,
			);
			runOnlyForDeploymentPostprocessing = 0;
		};
		7F3C56301F39FAEC0018BF2B /* Sources */ = {
			isa = PBXSourcesBuildPhase;
			buildActionMask = 2147483647;
			files = (
				7F3C56391F39FAEC0018BF2B /* PlaceFetcherUITests.swift in Sources */,
			);
			runOnlyForDeploymentPostprocessing = 0;
		};
/* End PBXSourcesBuildPhase section */

/* Begin PBXTargetDependency section */
		7F3C562B1F39FAEC0018BF2B /* PBXTargetDependency */ = {
			isa = PBXTargetDependency;
			target = 7F3C56141F39FAEB0018BF2B /* PlaceFetcher */;
			targetProxy = 7F3C562A1F39FAEC0018BF2B /* PBXContainerItemProxy */;
		};
		7F3C56361F39FAEC0018BF2B /* PBXTargetDependency */ = {
			isa = PBXTargetDependency;
			target = 7F3C56141F39FAEB0018BF2B /* PlaceFetcher */;
			targetProxy = 7F3C56351F39FAEC0018BF2B /* PBXContainerItemProxy */;
		};
/* End PBXTargetDependency section */

/* Begin PBXVariantGroup section */
		7F3C561C1F39FAEB0018BF2B /* Main.storyboard */ = {
			isa = PBXVariantGroup;
			children = (
				7F3C561D1F39FAEB0018BF2B /* Base */,
			);
			name = Main.storyboard;
			sourceTree = "<group>";
		};
		7F3C56211F39FAEB0018BF2B /* LaunchScreen.storyboard */ = {
			isa = PBXVariantGroup;
			children = (
				7F3C56221F39FAEB0018BF2B /* Base */,
			);
			name = LaunchScreen.storyboard;
			sourceTree = "<group>";
		};
/* End PBXVariantGroup section */

/* Begin XCBuildConfiguration section */
		7F3C563B1F39FAEC0018BF2B /* Debug */ = {
			isa = XCBuildConfiguration;
			buildSettings = {
				ALWAYS_SEARCH_USER_PATHS = NO;
				CLANG_ANALYZER_NONNULL = YES;
				CLANG_ANALYZER_NUMBER_OBJECT_CONVERSION = YES_AGGRESSIVE;
				CLANG_CXX_LANGUAGE_STANDARD = "gnu++0x";
				CLANG_CXX_LIBRARY = "libc++";
				CLANG_ENABLE_MODULES = YES;
				CLANG_ENABLE_OBJC_ARC = YES;
				CLANG_WARN_BOOL_CONVERSION = YES;
				CLANG_WARN_CONSTANT_CONVERSION = YES;
				CLANG_WARN_DIRECT_OBJC_ISA_USAGE = YES_ERROR;
				CLANG_WARN_DOCUMENTATION_COMMENTS = YES;
				CLANG_WARN_EMPTY_BODY = YES;
				CLANG_WARN_ENUM_CONVERSION = YES;
				CLANG_WARN_INFINITE_RECURSION = YES;
				CLANG_WARN_INT_CONVERSION = YES;
				CLANG_WARN_OBJC_ROOT_CLASS = YES_ERROR;
				CLANG_WARN_SUSPICIOUS_MOVE = YES;
				CLANG_WARN_UNREACHABLE_CODE = YES;
				CLANG_WARN__DUPLICATE_METHOD_MATCH = YES;
				"CODE_SIGN_IDENTITY[sdk=iphoneos*]" = "iPhone Developer";
				COPY_PHASE_STRIP = NO;
				DEBUG_INFORMATION_FORMAT = dwarf;
				ENABLE_STRICT_OBJC_MSGSEND = YES;
				ENABLE_TESTABILITY = YES;
				GCC_C_LANGUAGE_STANDARD = gnu99;
				GCC_DYNAMIC_NO_PIC = NO;
				GCC_NO_COMMON_BLOCKS = YES;
				GCC_OPTIMIZATION_LEVEL = 0;
				GCC_PREPROCESSOR_DEFINITIONS = (
					"DEBUG=1",
					"$(inherited)",
				);
				GCC_WARN_64_TO_32_BIT_CONVERSION = YES;
				GCC_WARN_ABOUT_RETURN_TYPE = YES_ERROR;
				GCC_WARN_UNDECLARED_SELECTOR = YES;
				GCC_WARN_UNINITIALIZED_AUTOS = YES_AGGRESSIVE;
				GCC_WARN_UNUSED_FUNCTION = YES;
				GCC_WARN_UNUSED_VARIABLE = YES;
				IPHONEOS_DEPLOYMENT_TARGET = 10.3;
				MTL_ENABLE_DEBUG_INFO = YES;
				ONLY_ACTIVE_ARCH = YES;
				SDKROOT = iphoneos;
				SWIFT_ACTIVE_COMPILATION_CONDITIONS = DEBUG;
				SWIFT_OPTIMIZATION_LEVEL = "-Onone";
			};
			name = Debug;
		};
		7F3C563C1F39FAEC0018BF2B /* Release */ = {
			isa = XCBuildConfiguration;
			buildSettings = {
				ALWAYS_SEARCH_USER_PATHS = NO;
				CLANG_ANALYZER_NONNULL = YES;
				CLANG_ANALYZER_NUMBER_OBJECT_CONVERSION = YES_AGGRESSIVE;
				CLANG_CXX_LANGUAGE_STANDARD = "gnu++0x";
				CLANG_CXX_LIBRARY = "libc++";
				CLANG_ENABLE_MODULES = YES;
				CLANG_ENABLE_OBJC_ARC = YES;
				CLANG_WARN_BOOL_CONVERSION = YES;
				CLANG_WARN_CONSTANT_CONVERSION = YES;
				CLANG_WARN_DIRECT_OBJC_ISA_USAGE = YES_ERROR;
				CLANG_WARN_DOCUMENTATION_COMMENTS = YES;
				CLANG_WARN_EMPTY_BODY = YES;
				CLANG_WARN_ENUM_CONVERSION = YES;
				CLANG_WARN_INFINITE_RECURSION = YES;
				CLANG_WARN_INT_CONVERSION = YES;
				CLANG_WARN_OBJC_ROOT_CLASS = YES_ERROR;
				CLANG_WARN_SUSPICIOUS_MOVE = YES;
				CLANG_WARN_UNREACHABLE_CODE = YES;
				CLANG_WARN__DUPLICATE_METHOD_MATCH = YES;
				"CODE_SIGN_IDENTITY[sdk=iphoneos*]" = "iPhone Developer";
				COPY_PHASE_STRIP = NO;
				DEBUG_INFORMATION_FORMAT = "dwarf-with-dsym";
				ENABLE_NS_ASSERTIONS = NO;
				ENABLE_STRICT_OBJC_MSGSEND = YES;
				GCC_C_LANGUAGE_STANDARD = gnu99;
				GCC_NO_COMMON_BLOCKS = YES;
				GCC_WARN_64_TO_32_BIT_CONVERSION = YES;
				GCC_WARN_ABOUT_RETURN_TYPE = YES_ERROR;
				GCC_WARN_UNDECLARED_SELECTOR = YES;
				GCC_WARN_UNINITIALIZED_AUTOS = YES_AGGRESSIVE;
				GCC_WARN_UNUSED_FUNCTION = YES;
				GCC_WARN_UNUSED_VARIABLE = YES;
				IPHONEOS_DEPLOYMENT_TARGET = 10.3;
				MTL_ENABLE_DEBUG_INFO = NO;
				SDKROOT = iphoneos;
				SWIFT_OPTIMIZATION_LEVEL = "-Owholemodule";
				VALIDATE_PRODUCT = YES;
			};
			name = Release;
		};
		7F3C563E1F39FAEC0018BF2B /* Debug */ = {
			isa = XCBuildConfiguration;
			baseConfigurationReference = 92F2FC36AB923F5F41496651 /* Pods-PlaceFetcher.debug.xcconfig */;
			buildSettings = {
				ASSETCATALOG_COMPILER_APPICON_NAME = AppIcon;
				INFOPLIST_FILE = PlaceFetcher/Info.plist;
				LD_RUNPATH_SEARCH_PATHS = "$(inherited) @executable_path/Frameworks";
				PRODUCT_BUNDLE_IDENTIFIER = com.bohachevskyy.PlaceFetcher;
				PRODUCT_NAME = "$(TARGET_NAME)";
				SWIFT_VERSION = 3.0;
			};
			name = Debug;
		};
		7F3C563F1F39FAEC0018BF2B /* Release */ = {
			isa = XCBuildConfiguration;
			baseConfigurationReference = 6424232D9F53A50683A2A2A8 /* Pods-PlaceFetcher.release.xcconfig */;
			buildSettings = {
				ASSETCATALOG_COMPILER_APPICON_NAME = AppIcon;
				INFOPLIST_FILE = PlaceFetcher/Info.plist;
				LD_RUNPATH_SEARCH_PATHS = "$(inherited) @executable_path/Frameworks";
				PRODUCT_BUNDLE_IDENTIFIER = com.bohachevskyy.PlaceFetcher;
				PRODUCT_NAME = "$(TARGET_NAME)";
				SWIFT_VERSION = 3.0;
			};
			name = Release;
		};
		7F3C56411F39FAEC0018BF2B /* Debug */ = {
			isa = XCBuildConfiguration;
			buildSettings = {
				ALWAYS_EMBED_SWIFT_STANDARD_LIBRARIES = YES;
				BUNDLE_LOADER = "$(TEST_HOST)";
				INFOPLIST_FILE = PlaceFetcherTests/Info.plist;
				LD_RUNPATH_SEARCH_PATHS = "$(inherited) @executable_path/Frameworks @loader_path/Frameworks";
				PRODUCT_BUNDLE_IDENTIFIER = com.bohachevskyy.PlaceFetcherTests;
				PRODUCT_NAME = "$(TARGET_NAME)";
				SWIFT_VERSION = 3.0;
				TEST_HOST = "$(BUILT_PRODUCTS_DIR)/PlaceFetcher.app/PlaceFetcher";
			};
			name = Debug;
		};
		7F3C56421F39FAEC0018BF2B /* Release */ = {
			isa = XCBuildConfiguration;
			buildSettings = {
				ALWAYS_EMBED_SWIFT_STANDARD_LIBRARIES = YES;
				BUNDLE_LOADER = "$(TEST_HOST)";
				INFOPLIST_FILE = PlaceFetcherTests/Info.plist;
				LD_RUNPATH_SEARCH_PATHS = "$(inherited) @executable_path/Frameworks @loader_path/Frameworks";
				PRODUCT_BUNDLE_IDENTIFIER = com.bohachevskyy.PlaceFetcherTests;
				PRODUCT_NAME = "$(TARGET_NAME)";
				SWIFT_VERSION = 3.0;
				TEST_HOST = "$(BUILT_PRODUCTS_DIR)/PlaceFetcher.app/PlaceFetcher";
			};
			name = Release;
		};
		7F3C56441F39FAEC0018BF2B /* Debug */ = {
			isa = XCBuildConfiguration;
			buildSettings = {
				ALWAYS_EMBED_SWIFT_STANDARD_LIBRARIES = YES;
				INFOPLIST_FILE = PlaceFetcherUITests/Info.plist;
				LD_RUNPATH_SEARCH_PATHS = "$(inherited) @executable_path/Frameworks @loader_path/Frameworks";
				PRODUCT_BUNDLE_IDENTIFIER = com.bohachevskyy.PlaceFetcherUITests;
				PRODUCT_NAME = "$(TARGET_NAME)";
				SWIFT_VERSION = 3.0;
				TEST_TARGET_NAME = PlaceFetcher;
			};
			name = Debug;
		};
		7F3C56451F39FAEC0018BF2B /* Release */ = {
			isa = XCBuildConfiguration;
			buildSettings = {
				ALWAYS_EMBED_SWIFT_STANDARD_LIBRARIES = YES;
				INFOPLIST_FILE = PlaceFetcherUITests/Info.plist;
				LD_RUNPATH_SEARCH_PATHS = "$(inherited) @executable_path/Frameworks @loader_path/Frameworks";
				PRODUCT_BUNDLE_IDENTIFIER = com.bohachevskyy.PlaceFetcherUITests;
				PRODUCT_NAME = "$(TARGET_NAME)";
				SWIFT_VERSION = 3.0;
				TEST_TARGET_NAME = PlaceFetcher;
			};
			name = Release;
		};
/* End XCBuildConfiguration section */

/* Begin XCConfigurationList section */
		7F3C56101F39FAEB0018BF2B /* Build configuration list for PBXProject "PlaceFetcher" */ = {
			isa = XCConfigurationList;
			buildConfigurations = (
				7F3C563B1F39FAEC0018BF2B /* Debug */,
				7F3C563C1F39FAEC0018BF2B /* Release */,
			);
			defaultConfigurationIsVisible = 0;
			defaultConfigurationName = Release;
		};
		7F3C563D1F39FAEC0018BF2B /* Build configuration list for PBXNativeTarget "PlaceFetcher" */ = {
			isa = XCConfigurationList;
			buildConfigurations = (
				7F3C563E1F39FAEC0018BF2B /* Debug */,
				7F3C563F1F39FAEC0018BF2B /* Release */,
			);
			defaultConfigurationIsVisible = 0;
			defaultConfigurationName = Release;
		};
		7F3C56401F39FAEC0018BF2B /* Build configuration list for PBXNativeTarget "PlaceFetcherTests" */ = {
			isa = XCConfigurationList;
			buildConfigurations = (
				7F3C56411F39FAEC0018BF2B /* Debug */,
				7F3C56421F39FAEC0018BF2B /* Release */,
			);
			defaultConfigurationIsVisible = 0;
			defaultConfigurationName = Release;
		};
		7F3C56431F39FAEC0018BF2B /* Build configuration list for PBXNativeTarget "PlaceFetcherUITests" */ = {
			isa = XCConfigurationList;
			buildConfigurations = (
				7F3C56441F39FAEC0018BF2B /* Debug */,
				7F3C56451F39FAEC0018BF2B /* Release */,
			);
			defaultConfigurationIsVisible = 0;
			defaultConfigurationName = Release;
		};
/* End XCConfigurationList section */
	};
	rootObject = 7F3C560D1F39FAEB0018BF2B /* Project object */;
}
